
Microsoft Visual Studio Solution File, Format Version 12.00
# Visual Studio Version 17
VisualStudioVersion = 17.6.33815.320
MinimumVisualStudioVersion = 10.0.40219.1
Project("{FAE04EC0-301F-11D3-BF4B-00C04F79EFBC}") = "CodeGenerator", "CodeGenerator.csproj", "{5ECEA324-09C3-4982-93D7-AEE35165B3B8}"
EndProject
Global
	GlobalSection(SolutionConfigurationPlatforms) = preSolution
		Debug|Any CPU = Debug|Any CPU
		Release|Any CPU = Release|Any CPU
	EndGlobalSection
	GlobalSection(ProjectConfigurationPlatforms) = postSolution
		{5ECEA324-09C3-4982-93D7-AEE35165B3B8}.Debug|Any CPU.ActiveCfg = Debug|Any CPU
		{5ECEA324-09C3-4982-93D7-AEE35165B3B8}.Debug|Any CPU.Build.0 = Debug|Any CPU
		{5ECEA324-09C3-4982-93D7-AEE35165B3B8}.Release|Any CPU.ActiveCfg = Release|Any CPU
		{5ECEA324-09C3-4982-93D7-AEE35165B3B8}.Release|Any CPU.Build.0 = Release|Any CPU
	EndGlobalSection
	GlobalSection(SolutionProperties) = preSolution
		HideSolutionNode = FALSE
	EndGlobalSection
	GlobalSection(ExtensibilityGlobals) = postSolution
		SolutionGuid = {B384265F-F29E-4087-A732-A1F4A5872ED2}
	EndGlobalSection
EndGlobal
